
Microsoft Visual Studio Solution File, Format Version 12.00
# Visual Studio 15
VisualStudioVersion = 15.0.28307.421
MinimumVisualStudioVersion = 10.0.40219.1
Project("{FAE04EC0-301F-11D3-BF4B-00C04F79EFBC}") = "Refactoring", "Refactoring\Refactoring.csproj", "{8DA704B4-7975-4EB8-B18F-A6A6B5E3C34D}"
EndProject
Global
	GlobalSection(SolutionConfigurationPlatforms) = preSolution
		Debug|Any CPU = Debug|Any CPU
		Release|Any CPU = Release|Any CPU
	EndGlobalSection
	GlobalSection(ProjectConfigurationPlatforms) = postSolution
		{8DA704B4-7975-4EB8-B18F-A6A6B5E3C34D}.Debug|Any CPU.ActiveCfg = Debug|Any CPU
		{8DA704B4-7975-4EB8-B18F-A6A6B5E3C34D}.Debug|Any CPU.Build.0 = Debug|Any CPU
		{8DA704B4-7975-4EB8-B18F-A6A6B5E3C34D}.Release|Any CPU.ActiveCfg = Release|Any CPU
		{8DA704B4-7975-4EB8-B18F-A6A6B5E3C34D}.Release|Any CPU.Build.0 = Release|Any CPU
	EndGlobalSection
	GlobalSection(SolutionProperties) = preSolution
		HideSolutionNode = FALSE
	EndGlobalSection
	GlobalSection(ExtensibilityGlobals) = postSolution
		SolutionGuid = {DA28DE68-0628-45C6-AA59-8829D35B1C4D}
	EndGlobalSection
EndGlobal
